<?xml version="1.0" encoding="utf-8"?>
<Project ToolsVersion="4.0" xmlns="http://schemas.microsoft.com/developer/msbuild/2003">
  <ItemGroup>
    <Filter Include="Assets">
      <UniqueIdentifier>7a146f69-71ef-4508-acb9-43549e22535f</UniqueIdentifier>
      <Extensions>ico;cur;bmp;dds;dlg;fbx;rct;bin;rgs;gif;jpg;jpeg;jpe;resx;tga;tiff;tif;png;wav;mfcribbon-ms</Extensions>
    </Filter>
    <Filter Include="Common">
      <UniqueIdentifier>{8d196064-062b-4a0b-aa25-88e36781ea6c}</UniqueIdentifier>
    </Filter>
    <Filter Include="Resource">
      <UniqueIdentifier>{932c72a4-b811-4875-be3f-22c77781a2fe}</UniqueIdentifier>
    </Filter>
    <Filter Include="Game">
      <UniqueIdentifier>{db901ce5-3670-4fef-98fa-d08813af1161}</UniqueIdentifier>
    </Filter>
    <Filter Include="Shaders">
      <UniqueIdentifier>{2b911540-d18a-4032-a72c-bf24b099aa37}</UniqueIdentifier>
    </Filter>
    <Filter Include="Includes">
      <UniqueIdentifier>{90fac1d3-b64a-49e0-9579-891fd7687ec7}</UniqueIdentifier>
    </Filter>
  </ItemGroup>
  <ItemGroup>
    <ClInclude Include="pch.h" />
    <ClInclude Include="d3dx12.h">
      <Filter>Common</Filter>
    </ClInclude>
    <ClInclude Include="StepTimer.h">
      <Filter>Common</Filter>
    </ClInclude>
    <ClInclude Include="resource.h">
      <Filter>Resource</Filter>
    </ClInclude>
    <ClInclude Include="GameDX12.h">
      <Filter>Game</Filter>
    </ClInclude>
    <ClInclude Include="BaseGame.h">
      <Filter>Game</Filter>
    </ClInclude>
    <ClInclude Include="GameDX11.h">
      <Filter>Game</Filter>
    </ClInclude>
    <ClInclude Include="DXSampleHelper.h">
      <Filter>Game</Filter>
    </ClInclude>
    <ClInclude Include="DeviceResources.h">
      <Filter>Common</Filter>
    </ClInclude>
    <ClInclude Include="DeviceResourcesDX12.h">
      <Filter>Common</Filter>
    </ClInclude>
    <ClInclude Include="IDeviceNotify.h">
      <Filter>Common</Filter>
    </ClInclude>
    <ClInclude Include="BufferHelpers.h">
      <Filter>Includes</Filter>
    </ClInclude>
    <ClInclude Include="CommonStates.h">
      <Filter>Includes</Filter>
    </ClInclude>
    <ClInclude Include="DDSTextureLoader.h">
      <Filter>Includes</Filter>
    </ClInclude>
    <ClInclude Include="DirectXHelpers.h">
      <Filter>Includes</Filter>
    </ClInclude>
    <ClInclude Include="Effects.h">
      <Filter>Includes</Filter>
    </ClInclude>
    <ClInclude Include="GeometricPrimitive.h">
      <Filter>Includes</Filter>
    </ClInclude>
    <ClInclude Include="GraphicsMemory.h">
      <Filter>Includes</Filter>
    </ClInclude>
    <ClInclude Include="Model.h">
      <Filter>Includes</Filter>
    </ClInclude>
    <ClInclude Include="PostProcess.h">
      <Filter>Includes</Filter>
    </ClInclude>
    <ClInclude Include="PrimitiveBatch.h">
      <Filter>Includes</Filter>
    </ClInclude>
    <ClInclude Include="ScreenGrab.h">
      <Filter>Includes</Filter>
    </ClInclude>
    <ClInclude Include="SpriteBatch.h">
      <Filter>Includes</Filter>
    </ClInclude>
    <ClInclude Include="SpriteFont.h">
      <Filter>Includes</Filter>
    </ClInclude>
    <ClInclude Include="VertexTypes.h">
      <Filter>Includes</Filter>
    </ClInclude>
    <ClInclude Include="WICTextureLoader.h">
      <Filter>Includes</Filter>
    </ClInclude>
  </ItemGroup>
  <ItemGroup>
    <ClCompile Include="pch.cpp" />
    <ClCompile Include="Main.cpp" />
    <ClCompile Include="GameDX12.cpp">
      <Filter>Game</Filter>
    </ClCompile>
    <ClCompile Include="BaseGame.cpp">
      <Filter>Game</Filter>
    </ClCompile>
    <ClCompile Include="GameDX11.cpp">
      <Filter>Game</Filter>
    </ClCompile>
    <ClCompile Include="DeviceResources.cpp">
      <Filter>Common</Filter>
    </ClCompile>
    <ClCompile Include="DeviceResourcesDX12.cpp">
      <Filter>Common</Filter>
    </ClCompile>
  </ItemGroup>
  <ItemGroup>
    <Image Include="directx.ico">
      <Filter>Assets</Filter>
    </Image>
  </ItemGroup>
  <ItemGroup>
    <Manifest Include="settings.manifest">
      <Filter>Assets</Filter>
    </Manifest>
  </ItemGroup>
  <ItemGroup>
    <ResourceCompile Include="DirectXProj_Win32.rc">
      <Filter>Resource</Filter>
    </ResourceCompile>
  </ItemGroup>
</Project>